// !$*UTF8*$!
{
	archiveVersion = 1;
	classes = {
	};
	objectVersion = 50;
	objects = {

/* Begin PBXBuildFile section */
		071754D42254C49700B18467 /* AppDelegate.swift in Sources */ = {isa = PBXBuildFile; fileRef = 071754D32254C49700B18467 /* AppDelegate.swift */; };
		071754D62254C49700B18467 /* ViewController.swift in Sources */ = {isa = PBXBuildFile; fileRef = 071754D52254C49700B18467 /* ViewController.swift */; };
		071754D92254C49700B18467 /* Main.storyboard in Resources */ = {isa = PBXBuildFile; fileRef = 071754D72254C49700B18467 /* Main.storyboard */; };
		071754DB2254C49900B18467 /* Assets.xcassets in Resources */ = {isa = PBXBuildFile; fileRef = 071754DA2254C49900B18467 /* Assets.xcassets */; };
		071754DE2254C49900B18467 /* LaunchScreen.storyboard in Resources */ = {isa = PBXBuildFile; fileRef = 071754DC2254C49900B18467 /* LaunchScreen.storyboard */; };
		071754E72254C4D700B18467 /* HomeViewModel.swift in Sources */ = {isa = PBXBuildFile; fileRef = 071754E62254C4D700B18467 /* HomeViewModel.swift */; };
		071754E92254C4E100B18467 /* HomeModel.swift in Sources */ = {isa = PBXBuildFile; fileRef = 071754E82254C4E100B18467 /* HomeModel.swift */; };
		071754EC2254C79B00B18467 /* ModelLayer.swift in Sources */ = {isa = PBXBuildFile; fileRef = 071754EB2254C79B00B18467 /* ModelLayer.swift */; };
		071754EE2254EA5900B18467 /* captcha.json in Resources */ = {isa = PBXBuildFile; fileRef = 071754ED2254EA5900B18467 /* captcha.json */; };
/* End PBXBuildFile section */

/* Begin PBXFileReference section */
		071754D02254C49700B18467 /* MVVM.app */ = {isa = PBXFileReference; explicitFileType = wrapper.application; includeInIndex = 0; path = MVVM.app; sourceTree = BUILT_PRODUCTS_DIR; };
		071754D32254C49700B18467 /* AppDelegate.swift */ = {isa = PBXFileReference; lastKnownFileType = sourcecode.swift; path = AppDelegate.swift; sourceTree = "<group>"; };
		071754D52254C49700B18467 /* ViewController.swift */ = {isa = PBXFileReference; lastKnownFileType = sourcecode.swift; path = ViewController.swift; sourceTree = "<group>"; };
		071754D82254C49700B18467 /* Base */ = {isa = PBXFileReference; lastKnownFileType = file.storyboard; name = Base; path = Base.lproj/Main.storyboard; sourceTree = "<group>"; };
		071754DA2254C49900B18467 /* Assets.xcassets */ = {isa = PBXFileReference; lastKnownFileType = folder.assetcatalog; path = Assets.xcassets; sourceTree = "<group>"; };
		071754DD2254C49900B18467 /* Base */ = {isa = PBXFileReference; lastKnownFileType = file.storyboard; name = Base; path = Base.lproj/LaunchScreen.storyboard; sourceTree = "<group>"; };
		071754DF2254C49900B18467 /* Info.plist */ = {isa = PBXFileReference; lastKnownFileType = text.plist.xml; path = Info.plist; sourceTree = "<group>"; };
		071754E62254C4D700B18467 /* HomeViewModel.swift */ = {isa = PBXFileReference; lastKnownFileType = sourcecode.swift; path = HomeViewModel.swift; sourceTree = "<group>"; };
		071754E82254C4E100B18467 /* HomeModel.swift */ = {isa = PBXFileReference; lastKnownFileType = sourcecode.swift; path = HomeModel.swift; sourceTree = "<group>"; };
		071754EB2254C79B00B18467 /* ModelLayer.swift */ = {isa = PBXFileReference; lastKnownFileType = sourcecode.swift; path = ModelLayer.swift; sourceTree = "<group>"; };
		071754ED2254EA5900B18467 /* captcha.json */ = {isa = PBXFileReference; fileEncoding = 4; lastKnownFileType = text.json; path = captcha.json; sourceTree = "<group>"; };
/* End PBXFileReference section */

/* Begin PBXFrameworksBuildPhase section */
		071754CD2254C49700B18467 /* Frameworks */ = {
			isa = PBXFrameworksBuildPhase;
			buildActionMask = 2147483647;
			files = (
			);
			runOnlyForDeploymentPostprocessing = 0;
		};
/* End PBXFrameworksBuildPhase section */

/* Begin PBXGroup section */
		071754C72254C49700B18467 = {
			isa = PBXGroup;
			children = (
				071754D22254C49700B18467 /* MVVM */,
				071754D12254C49700B18467 /* Products */,
			);
			sourceTree = "<group>";
		};
		071754D12254C49700B18467 /* Products */ = {
			isa = PBXGroup;
			children = (
				071754D02254C49700B18467 /* MVVM.app */,
			);
			name = Products;
			sourceTree = "<group>";
		};
		071754D22254C49700B18467 /* MVVM */ = {
			isa = PBXGroup;
			children = (
				071754ED2254EA5900B18467 /* captcha.json */,
				071754EA2254C77D00B18467 /* Util */,
				071754E52254C4C400B18467 /* Home */,
				071754D32254C49700B18467 /* AppDelegate.swift */,
				071754D52254C49700B18467 /* ViewController.swift */,
				071754D72254C49700B18467 /* Main.storyboard */,
				071754DA2254C49900B18467 /* Assets.xcassets */,
				071754DC2254C49900B18467 /* LaunchScreen.storyboard */,
				071754DF2254C49900B18467 /* Info.plist */,
			);
			path = MVVM;
			sourceTree = "<group>";
		};
		071754E52254C4C400B18467 /* Home */ = {
			isa = PBXGroup;
			children = (
				071754E62254C4D700B18467 /* HomeViewModel.swift */,
				071754E82254C4E100B18467 /* HomeModel.swift */,
			);
			path = Home;
			sourceTree = "<group>";
		};
		071754EA2254C77D00B18467 /* Util */ = {
			isa = PBXGroup;
			children = (
				071754EB2254C79B00B18467 /* ModelLayer.swift */,
			);
			path = Util;
			sourceTree = "<group>";
		};
/* End PBXGroup section */

/* Begin PBXNativeTarget section */
		071754CF2254C49700B18467 /* MVVM */ = {
			isa = PBXNativeTarget;
			buildConfigurationList = 071754E22254C49900B18467 /* Build configuration list for PBXNativeTarget "MVVM" */;
			buildPhases = (
				071754CC2254C49700B18467 /* Sources */,
				071754CD2254C49700B18467 /* Frameworks */,
				071754CE2254C49700B18467 /* Resources */,
			);
			buildRules = (
			);
			dependencies = (
			);
			name = MVVM;
			productName = MVVM;
			productReference = 071754D02254C49700B18467 /* MVVM.app */;
			productType = "com.apple.product-type.application";
		};
/* End PBXNativeTarget section */

/* Begin PBXProject section */
		071754C82254C49700B18467 /* Project object */ = {
			isa = PBXProject;
			attributes = {
				LastSwiftUpdateCheck = 1010;
				LastUpgradeCheck = 1010;
				ORGANIZATIONNAME = "Ranjit Singh";
				TargetAttributes = {
					071754CF2254C49700B18467 = {
						CreatedOnToolsVersion = 10.1;
					};
				};
			};
			buildConfigurationList = 071754CB2254C49700B18467 /* Build configuration list for PBXProject "MVVM" */;
			compatibilityVersion = "Xcode 9.3";
			developmentRegion = en;
			hasScannedForEncodings = 0;
			knownRegions = (
				en,
				Base,
			);
			mainGroup = 071754C72254C49700B18467;
			productRefGroup = 071754D12254C49700B18467 /* Products */;
			projectDirPath = "";
			projectRoot = "";
			targets = (
				071754CF2254C49700B18467 /* MVVM */,
			);
		};
/* End PBXProject section */

/* Begin PBXResourcesBuildPhase section */
		071754CE2254C49700B18467 /* Resources */ = {
			isa = PBXResourcesBuildPhase;
			buildActionMask = 2147483647;
			files = (
				071754EE2254EA5900B18467 /* captcha.json in Resources */,
				071754DE2254C49900B18467 /* LaunchScreen.storyboard in Resources */,
				071754DB2254C49900B18467 /* Assets.xcassets in Resources */,
				071754D92254C49700B18467 /* Main.storyboard in Resources */,
			);
			runOnlyForDeploymentPostprocessing = 0;
		};
/* End PBXResourcesBuildPhase section */

/* Begin PBXSourcesBuildPhase section */
		071754CC2254C49700B18467 /* Sources */ = {
			isa = PBXSourcesBuildPhase;
			buildActionMask = 2147483647;
			files = (
				071754EC2254C79B00B18467 /* ModelLayer.swift in Sources */,
				071754E92254C4E100B18467 /* HomeModel.swift in Sources */,
				071754D62254C49700B18467 /* ViewController.swift in Sources */,
				071754E72254C4D700B18467 /* HomeViewModel.swift in Sources */,
				071754D42254C49700B18467 /* AppDelegate.swift in Sources */,
			);
			runOnlyForDeploymentPostprocessing = 0;
		};
/* End PBXSourcesBuildPhase section */

/* Begin PBXVariantGroup section */
		071754D72254C49700B18467 /* Main.storyboard */ = {
			isa = PBXVariantGroup;
			children = (
				071754D82254C49700B18467 /* Base */,
			);
			name = Main.storyboard;
			sourceTree = "<group>";
		};
		071754DC2254C49900B18467 /* LaunchScreen.storyboard */ = {
			isa = PBXVariantGroup;
			children = (
				071754DD2254C49900B18467 /* Base */,
			);
			name = LaunchScreen.storyboard;
			sourceTree = "<group>";
		};
/* End PBXVariantGroup section */

/* Begin XCBuildConfiguration section */
		071754E02254C49900B18467 /* Debug */ = {
			isa = XCBuildConfiguration;
			buildSettings = {
				ALWAYS_SEARCH_USER_PATHS = NO;
				CLANG_ANALYZER_NONNULL = YES;
				CLANG_ANALYZER_NUMBER_OBJECT_CONVERSION = YES_AGGRESSIVE;
				CLANG_CXX_LANGUAGE_STANDARD = "gnu++14";
				CLANG_CXX_LIBRARY = "libc++";
				CLANG_ENABLE_MODULES = YES;
				CLANG_ENABLE_OBJC_ARC = YES;
				CLANG_ENABLE_OBJC_WEAK = YES;
				CLANG_WARN_BLOCK_CAPTURE_AUTORELEASING = YES;
				CLANG_WARN_BOOL_CONVERSION = YES;
				CLANG_WARN_COMMA = YES;
				CLANG_WARN_CONSTANT_CONVERSION = YES;
				CLANG_WARN_DEPRECATED_OBJC_IMPLEMENTATIONS = YES;
				CLANG_WARN_DIRECT_OBJC_ISA_USAGE = YES_ERROR;
				CLANG_WARN_DOCUMENTATION_COMMENTS = YES;
				CLANG_WARN_EMPTY_BODY = YES;
				CLANG_WARN_ENUM_CONVERSION = YES;
				CLANG_WARN_INFINITE_RECURSION = YES;
				CLANG_WARN_INT_CONVERSION = YES;
				CLANG_WARN_NON_LITERAL_NULL_CONVERSION = YES;
				CLANG_WARN_OBJC_IMPLICIT_RETAIN_SELF = YES;
				CLANG_WARN_OBJC_LITERAL_CONVERSION = YES;
				CLANG_WARN_OBJC_ROOT_CLASS = YES_ERROR;
				CLANG_WARN_RANGE_LOOP_ANALYSIS = YES;
				CLANG_WARN_STRICT_PROTOTYPES = YES;
				CLANG_WARN_SUSPICIOUS_MOVE = YES;
				CLANG_WARN_UNGUARDED_AVAILABILITY = YES_AGGRESSIVE;
				CLANG_WARN_UNREACHABLE_CODE = YES;
				CLANG_WARN__DUPLICATE_METHOD_MATCH = YES;
				CODE_SIGN_IDENTITY = "iPhone Developer";
				COPY_PHASE_STRIP = NO;
				DEBUG_INFORMATION_FORMAT = dwarf;
				ENABLE_STRICT_OBJC_MSGSEND = YES;
				ENABLE_TESTABILITY = YES;
				GCC_C_LANGUAGE_STANDARD = gnu11;
				GCC_DYNAMIC_NO_PIC = NO;
				GCC_NO_COMMON_BLOCKS = YES;
				GCC_OPTIMIZATION_LEVEL = 0;
				GCC_PREPROCESSOR_DEFINITIONS = (
					"DEBUG=1",
					"$(inherited)",
				);
				GCC_WARN_64_TO_32_BIT_CONVERSION = YES;
				GCC_WARN_ABOUT_RETURN_TYPE = YES_ERROR;
				GCC_WARN_UNDECLARED_SELECTOR = YES;
				GCC_WARN_UNINITIALIZED_AUTOS = YES_AGGRESSIVE;
				GCC_WARN_UNUSED_FUNCTION = YES;
				GCC_WARN_UNUSED_VARIABLE = YES;
				IPHONEOS_DEPLOYMENT_TARGET = 12.1;
				MTL_ENABLE_DEBUG_INFO = INCLUDE_SOURCE;
				MTL_FAST_MATH = YES;
				ONLY_ACTIVE_ARCH = YES;
				SDKROOT = iphoneos;
				SWIFT_ACTIVE_COMPILATION_CONDITIONS = DEBUG;
				SWIFT_OPTIMIZATION_LEVEL = "-Onone";
			};
			name = Debug;
		};
		071754E12254C49900B18467 /* Release */ = {
			isa = XCBuildConfiguration;
			buildSettings = {
				ALWAYS_SEARCH_USER_PATHS = NO;
				CLANG_ANALYZER_NONNULL = YES;
				CLANG_ANALYZER_NUMBER_OBJECT_CONVERSION = YES_AGGRESSIVE;
				CLANG_CXX_LANGUAGE_STANDARD = "gnu++14";
				CLANG_CXX_LIBRARY = "libc++";
				CLANG_ENABLE_MODULES = YES;
				CLANG_ENABLE_OBJC_ARC = YES;
				CLANG_ENABLE_OBJC_WEAK = YES;
				CLANG_WARN_BLOCK_CAPTURE_AUTORELEASING = YES;
				CLANG_WARN_BOOL_CONVERSION = YES;
				CLANG_WARN_COMMA = YES;
				CLANG_WARN_CONSTANT_CONVERSION = YES;
				CLANG_WARN_DEPRECATED_OBJC_IMPLEMENTATIONS = YES;
				CLANG_WARN_DIRECT_OBJC_ISA_USAGE = YES_ERROR;
				CLANG_WARN_DOCUMENTATION_COMMENTS = YES;
				CLANG_WARN_EMPTY_BODY = YES;
				CLANG_WARN_ENUM_CONVERSION = YES;
				CLANG_WARN_INFINITE_RECURSION = YES;
				CLANG_WARN_INT_CONVERSION = YES;
				CLANG_WARN_NON_LITERAL_NULL_CONVERSION = YES;
				CLANG_WARN_OBJC_IMPLICIT_RETAIN_SELF = YES;
				CLANG_WARN_OBJC_LITERAL_CONVERSION = YES;
				CLANG_WARN_OBJC_ROOT_CLASS = YES_ERROR;
				CLANG_WARN_RANGE_LOOP_ANALYSIS = YES;
				CLANG_WARN_STRICT_PROTOTYPES = YES;
				CLANG_WARN_SUSPICIOUS_MOVE = YES;
				CLANG_WARN_UNGUARDED_AVAILABILITY = YES_AGGRESSIVE;
				CLANG_WARN_UNREACHABLE_CODE = YES;
				CLANG_WARN__DUPLICATE_METHOD_MATCH = YES;
				CODE_SIGN_IDENTITY = "iPhone Developer";
				COPY_PHASE_STRIP = NO;
				DEBUG_INFORMATION_FORMAT = "dwarf-with-dsym";
				ENABLE_NS_ASSERTIONS = NO;
				ENABLE_STRICT_OBJC_MSGSEND = YES;
				GCC_C_LANGUAGE_STANDARD = gnu11;
				GCC_NO_COMMON_BLOCKS = YES;
				GCC_WARN_64_TO_32_BIT_CONVERSION = YES;
				GCC_WARN_ABOUT_RETURN_TYPE = YES_ERROR;
				GCC_WARN_UNDECLARED_SELECTOR = YES;
				GCC_WARN_UNINITIALIZED_AUTOS = YES_AGGRESSIVE;
				GCC_WARN_UNUSED_FUNCTION = YES;
				GCC_WARN_UNUSED_VARIABLE = YES;
				IPHONEOS_DEPLOYMENT_TARGET = 12.1;
				MTL_ENABLE_DEBUG_INFO = NO;
				MTL_FAST_MATH = YES;
				SDKROOT = iphoneos;
				SWIFT_COMPILATION_MODE = wholemodule;
				SWIFT_OPTIMIZATION_LEVEL = "-O";
				VALIDATE_PRODUCT = YES;
			};
			name = Release;
		};
		071754E32254C49900B18467 /* Debug */ = {
			isa = XCBuildConfiguration;
			buildSettings = {
				ASSETCATALOG_COMPILER_APPICON_NAME = AppIcon;
				CODE_SIGN_STYLE = Automatic;
				DEVELOPMENT_TEAM = 84P532SL7C;
				INFOPLIST_FILE = MVVM/Info.plist;
				LD_RUNPATH_SEARCH_PATHS = (
					"$(inherited)",
					"@executable_path/Frameworks",
				);
				PRODUCT_BUNDLE_IDENTIFIER = com.zoomcar.Zoomcar.MVVM;
				PRODUCT_NAME = "$(TARGET_NAME)";
				SWIFT_VERSION = 4.2;
				TARGETED_DEVICE_FAMILY = "1,2";
			};
			name = Debug;
		};
		071754E42254C49900B18467 /* Release */ = {
			isa = XCBuildConfiguration;
			buildSettings = {
				ASSETCATALOG_COMPILER_APPICON_NAME = AppIcon;
				CODE_SIGN_STYLE = Automatic;
				DEVELOPMENT_TEAM = 84P532SL7C;
				INFOPLIST_FILE = MVVM/Info.plist;
				LD_RUNPATH_SEARCH_PATHS = (
					"$(inherited)",
					"@executable_path/Frameworks",
				);
				PRODUCT_BUNDLE_IDENTIFIER = com.zoomcar.Zoomcar.MVVM;
				PRODUCT_NAME = "$(TARGET_NAME)";
				SWIFT_VERSION = 4.2;
				TARGETED_DEVICE_FAMILY = "1,2";
			};
			name = Release;
		};
/* End XCBuildConfiguration section */

/* Begin XCConfigurationList section */
		071754CB2254C49700B18467 /* Build configuration list for PBXProject "MVVM" */ = {
			isa = XCConfigurationList;
			buildConfigurations = (
				071754E02254C49900B18467 /* Debug */,
				071754E12254C49900B18467 /* Release */,
			);
			defaultConfigurationIsVisible = 0;
			defaultConfigurationName = Release;
		};
		071754E22254C49900B18467 /* Build configuration list for PBXNativeTarget "MVVM" */ = {
			isa = XCConfigurationList;
			buildConfigurations = (
				071754E32254C49900B18467 /* Debug */,
				071754E42254C49900B18467 /* Release */,
			);
			defaultConfigurationIsVisible = 0;
			defaultConfigurationName = Release;
		};
/* End XCConfigurationList section */
	};
	rootObject = 071754C82254C49700B18467 /* Project object */;
}
